// !$*UTF8*$!
{
	archiveVersion = 1;
	classes = {
	};
	objectVersion = 56;
	objects = {

/* Begin PBXBuildFile section */
		AA0000000000000000000010 /* CaffBarApp.swift in Sources */ = {isa = PBXBuildFile; fileRef = AA0000000000000000000021 /* CaffBarApp.swift */; };
		AA0000000000000000000011 /* CaffeinateController.swift in Sources */ = {isa = PBXBuildFile; fileRef = AA0000000000000000000022 /* CaffeinateController.swift */; };
		AA0000000000000000000012 /* Models.swift in Sources */ = {isa = PBXBuildFile; fileRef = AA0000000000000000000023 /* Models.swift */; };
		AA0000000000000000000013 /* TestDoubles.swift in Sources */ = {isa = PBXBuildFile; fileRef = AA0000000000000000000026 /* TestDoubles.swift */; };
		AA0000000000000000000014 /* ModelsTests.swift in Sources */ = {isa = PBXBuildFile; fileRef = AA0000000000000000000027 /* ModelsTests.swift */; };
		AA0000000000000000000015 /* CaffeinateControllerTests.swift in Sources */ = {isa = PBXBuildFile; fileRef = AA0000000000000000000028 /* CaffeinateControllerTests.swift */; };
		AA0000000000000000000016 /* ProcessLauncherTests.swift in Sources */ = {isa = PBXBuildFile; fileRef = AA0000000000000000000029 /* ProcessLauncherTests.swift */; };
		AA0000000000000000000017 /* CaffBarAppViewTests.swift in Sources */ = {isa = PBXBuildFile; fileRef = AA000000000000000000002A /* CaffBarAppViewTests.swift */; };
		AA0000000000000000000018 /* MenuPanelView.swift in Sources */ = {isa = PBXBuildFile; fileRef = AA000000000000000000002B /* MenuPanelView.swift */; };
		AA0000000000000000000019 /* DurationControls.swift in Sources */ = {isa = PBXBuildFile; fileRef = AA000000000000000000002C /* DurationControls.swift */; };
		AA000000000000000000001A /* CaffeinateController+Preview.swift in Sources */ = {isa = PBXBuildFile; fileRef = AA000000000000000000002D /* CaffeinateController+Preview.swift */; };
		AA000000000000000000001B /* MenuPanelPreviews.swift in Sources */ = {isa = PBXBuildFile; fileRef = AA000000000000000000002E /* MenuPanelPreviews.swift */; };
/* End PBXBuildFile section */

/* Begin PBXContainerItemProxy section */
		AA0000000000000000000080 /* PBXContainerItemProxy */ = {
			isa = PBXContainerItemProxy;
			containerPortal = AA0000000000000000000001 /* Project object */;
			proxyType = 1;
			remoteGlobalIDString = AA0000000000000000000050;
			remoteInfo = CaffBar;
		};
/* End PBXContainerItemProxy section */

/* Begin PBXFileReference section */
		AA0000000000000000000020 /* CaffBar.app */ = {isa = PBXFileReference; explicitFileType = wrapper.application; includeInIndex = 0; path = CaffBar.app; sourceTree = BUILT_PRODUCTS_DIR; };
		AA0000000000000000000021 /* CaffBarApp.swift */ = {isa = PBXFileReference; lastKnownFileType = sourcecode.swift; path = CaffBarApp.swift; sourceTree = "<group>"; };
		AA0000000000000000000022 /* CaffeinateController.swift */ = {isa = PBXFileReference; lastKnownFileType = sourcecode.swift; path = CaffeinateController.swift; sourceTree = "<group>"; };
		AA0000000000000000000023 /* Models.swift */ = {isa = PBXFileReference; lastKnownFileType = sourcecode.swift; path = Models.swift; sourceTree = "<group>"; };
		AA0000000000000000000024 /* Info.plist */ = {isa = PBXFileReference; lastKnownFileType = text.plist.xml; path = Info.plist; sourceTree = "<group>"; };
		AA0000000000000000000025 /* CaffBarTests.xctest */ = {isa = PBXFileReference; explicitFileType = wrapper.cfbundle; includeInIndex = 0; path = CaffBarTests.xctest; sourceTree = BUILT_PRODUCTS_DIR; };
		AA0000000000000000000026 /* TestDoubles.swift */ = {isa = PBXFileReference; lastKnownFileType = sourcecode.swift; path = TestDoubles.swift; sourceTree = "<group>"; };
		AA0000000000000000000027 /* ModelsTests.swift */ = {isa = PBXFileReference; lastKnownFileType = sourcecode.swift; path = ModelsTests.swift; sourceTree = "<group>"; };
		AA0000000000000000000028 /* CaffeinateControllerTests.swift */ = {isa = PBXFileReference; lastKnownFileType = sourcecode.swift; path = CaffeinateControllerTests.swift; sourceTree = "<group>"; };
		AA0000000000000000000029 /* ProcessLauncherTests.swift */ = {isa = PBXFileReference; lastKnownFileType = sourcecode.swift; path = ProcessLauncherTests.swift; sourceTree = "<group>"; };
		AA000000000000000000002A /* CaffBarAppViewTests.swift */ = {isa = PBXFileReference; lastKnownFileType = sourcecode.swift; path = CaffBarAppViewTests.swift; sourceTree = "<group>"; };
		AA000000000000000000002B /* MenuPanelView.swift */ = {isa = PBXFileReference; lastKnownFileType = sourcecode.swift; path = MenuPanelView.swift; sourceTree = "<group>"; };
		AA000000000000000000002C /* DurationControls.swift */ = {isa = PBXFileReference; lastKnownFileType = sourcecode.swift; path = DurationControls.swift; sourceTree = "<group>"; };
		AA000000000000000000002D /* CaffeinateController+Preview.swift */ = {isa = PBXFileReference; lastKnownFileType = sourcecode.swift; path = "CaffeinateController+Preview.swift"; sourceTree = "<group>"; };
		AA000000000000000000002E /* MenuPanelPreviews.swift */ = {isa = PBXFileReference; lastKnownFileType = sourcecode.swift; path = MenuPanelPreviews.swift; sourceTree = "<group>"; };
/* End PBXFileReference section */

/* Begin PBXFrameworksBuildPhase section */
		AA0000000000000000000041 /* Frameworks */ = {
			isa = PBXFrameworksBuildPhase;
			buildActionMask = 2147483647;
			files = (
			);
			runOnlyForDeploymentPostprocessing = 0;
		};
		AA0000000000000000000043 /* Frameworks */ = {
			isa = PBXFrameworksBuildPhase;
			buildActionMask = 2147483647;
			files = (
			);
			runOnlyForDeploymentPostprocessing = 0;
		};
/* End PBXFrameworksBuildPhase section */

/* Begin PBXGroup section */
		AA0000000000000000000030 = {
			isa = PBXGroup;
			children = (
				AA0000000000000000000031 /* CaffBar */,
				AA0000000000000000000033 /* CaffBarTests */,
				AA0000000000000000000032 /* Products */,
			);
			sourceTree = "<group>";
		};
		AA0000000000000000000031 /* CaffBar */ = {
			isa = PBXGroup;
			children = (
				AA0000000000000000000034 /* App */,
				AA0000000000000000000035 /* Controllers */,
				AA0000000000000000000036 /* Models */,
				AA0000000000000000000037 /* Views */,
				AA0000000000000000000038 /* PreviewSupport */,
				AA0000000000000000000024 /* Info.plist */,
			);
			path = CaffBar;
			sourceTree = "<group>";
		};
		AA0000000000000000000032 /* Products */ = {
			isa = PBXGroup;
			children = (
				AA0000000000000000000020 /* CaffBar.app */,
				AA0000000000000000000025 /* CaffBarTests.xctest */,
			);
			name = Products;
			sourceTree = "<group>";
		};
		AA0000000000000000000033 /* CaffBarTests */ = {
			isa = PBXGroup;
			children = (
				AA0000000000000000000026 /* TestDoubles.swift */,
				AA0000000000000000000027 /* ModelsTests.swift */,
				AA0000000000000000000028 /* CaffeinateControllerTests.swift */,
				AA0000000000000000000029 /* ProcessLauncherTests.swift */,
				AA000000000000000000002A /* CaffBarAppViewTests.swift */,
			);
			path = CaffBarTests;
			sourceTree = "<group>";
		};
		AA0000000000000000000034 /* App */ = {
			isa = PBXGroup;
			children = (
				AA0000000000000000000021 /* CaffBarApp.swift */,
			);
			path = App;
			sourceTree = "<group>";
		};
		AA0000000000000000000035 /* Controllers */ = {
			isa = PBXGroup;
			children = (
				AA0000000000000000000022 /* CaffeinateController.swift */,
			);
			path = Controllers;
			sourceTree = "<group>";
		};
		AA0000000000000000000036 /* Models */ = {
			isa = PBXGroup;
			children = (
				AA0000000000000000000023 /* Models.swift */,
			);
			path = Models;
			sourceTree = "<group>";
		};
		AA0000000000000000000037 /* Views */ = {
			isa = PBXGroup;
			children = (
				AA000000000000000000002B /* MenuPanelView.swift */,
				AA000000000000000000002C /* DurationControls.swift */,
			);
			path = Views;
			sourceTree = "<group>";
		};
		AA0000000000000000000038 /* PreviewSupport */ = {
			isa = PBXGroup;
			children = (
				AA000000000000000000002D /* CaffeinateController+Preview.swift */,
				AA000000000000000000002E /* MenuPanelPreviews.swift */,
			);
			path = PreviewSupport;
			sourceTree = "<group>";
		};
/* End PBXGroup section */

/* Begin PBXNativeTarget section */
		AA0000000000000000000050 /* CaffBar */ = {
			isa = PBXNativeTarget;
			buildConfigurationList = AA0000000000000000000061 /* Build configuration list for PBXNativeTarget "CaffBar" */;
			buildPhases = (
				AA0000000000000000000040 /* Sources */,
				AA0000000000000000000041 /* Frameworks */,
				AA0000000000000000000042 /* Resources */,
			);
			buildRules = (
			);
			dependencies = (
			);
			name = CaffBar;
			productName = CaffBar;
			productReference = AA0000000000000000000020 /* CaffBar.app */;
			productType = "com.apple.product-type.application";
		};
		AA0000000000000000000051 /* CaffBarTests */ = {
			isa = PBXNativeTarget;
			buildConfigurationList = AA0000000000000000000062 /* Build configuration list for PBXNativeTarget "CaffBarTests" */;
			buildPhases = (
				AA0000000000000000000044 /* Sources */,
				AA0000000000000000000043 /* Frameworks */,
				AA0000000000000000000045 /* Resources */,
			);
			buildRules = (
			);
			dependencies = (
				AA0000000000000000000081 /* PBXTargetDependency */,
			);
			name = CaffBarTests;
			productName = CaffBarTests;
			productReference = AA0000000000000000000025 /* CaffBarTests.xctest */;
			productType = "com.apple.product-type.bundle.unit-test";
		};
/* End PBXNativeTarget section */

/* Begin PBXProject section */
		AA0000000000000000000001 /* Project object */ = {
			isa = PBXProject;
			attributes = {
				BuildIndependentTargetsInParallel = 1;
				LastSwiftUpdateCheck = 1600;
				LastUpgradeCheck = 2630;
				TargetAttributes = {
					AA0000000000000000000050 = {
						CreatedOnToolsVersion = 16.0;
					};
					AA0000000000000000000051 = {
						CreatedOnToolsVersion = 16.0;
						TestTargetID = AA0000000000000000000050;
					};
				};
			};
			buildConfigurationList = AA0000000000000000000060 /* Build configuration list for PBXProject "CaffBar" */;
			compatibilityVersion = "Xcode 14.0";
			developmentRegion = en;
			hasScannedForEncodings = 0;
			knownRegions = (
				en,
				Base,
			);
			mainGroup = AA0000000000000000000030;
			productRefGroup = AA0000000000000000000032 /* Products */;
			projectDirPath = "";
			projectRoot = "";
			targets = (
				AA0000000000000000000050 /* CaffBar */,
				AA0000000000000000000051 /* CaffBarTests */,
			);
		};
/* End PBXProject section */

/* Begin PBXResourcesBuildPhase section */
		AA0000000000000000000042 /* Resources */ = {
			isa = PBXResourcesBuildPhase;
			buildActionMask = 2147483647;
			files = (
			);
			runOnlyForDeploymentPostprocessing = 0;
		};
		AA0000000000000000000045 /* Resources */ = {
			isa = PBXResourcesBuildPhase;
			buildActionMask = 2147483647;
			files = (
			);
			runOnlyForDeploymentPostprocessing = 0;
		};
/* End PBXResourcesBuildPhase section */

/* Begin PBXSourcesBuildPhase section */
		AA0000000000000000000040 /* Sources */ = {
			isa = PBXSourcesBuildPhase;
			buildActionMask = 2147483647;
			files = (
				AA0000000000000000000010 /* CaffBarApp.swift in Sources */,
				AA0000000000000000000011 /* CaffeinateController.swift in Sources */,
				AA0000000000000000000012 /* Models.swift in Sources */,
				AA0000000000000000000018 /* MenuPanelView.swift in Sources */,
				AA0000000000000000000019 /* DurationControls.swift in Sources */,
				AA000000000000000000001A /* CaffeinateController+Preview.swift in Sources */,
				AA000000000000000000001B /* MenuPanelPreviews.swift in Sources */,
			);
			runOnlyForDeploymentPostprocessing = 0;
		};
		AA0000000000000000000044 /* Sources */ = {
			isa = PBXSourcesBuildPhase;
			buildActionMask = 2147483647;
			files = (
				AA0000000000000000000013 /* TestDoubles.swift in Sources */,
				AA0000000000000000000014 /* ModelsTests.swift in Sources */,
				AA0000000000000000000015 /* CaffeinateControllerTests.swift in Sources */,
				AA0000000000000000000016 /* ProcessLauncherTests.swift in Sources */,
				AA0000000000000000000017 /* CaffBarAppViewTests.swift in Sources */,
			);
			runOnlyForDeploymentPostprocessing = 0;
		};
/* End PBXSourcesBuildPhase section */

/* Begin PBXTargetDependency section */
		AA0000000000000000000081 /* PBXTargetDependency */ = {
			isa = PBXTargetDependency;
			target = AA0000000000000000000050 /* CaffBar */;
			targetProxy = AA0000000000000000000080 /* PBXContainerItemProxy */;
		};
/* End PBXTargetDependency section */

/* Begin XCBuildConfiguration section */
		AA0000000000000000000070 /* Debug */ = {
			isa = XCBuildConfiguration;
			buildSettings = {
				ALWAYS_SEARCH_USER_PATHS = NO;
				ASSETCATALOG_COMPILER_GENERATE_SWIFT_ASSET_SYMBOL_EXTENSIONS = YES;
				CLANG_ENABLE_MODULES = YES;
				CLANG_ENABLE_OBJC_ARC = YES;
				CLANG_WARN_BLOCK_CAPTURE_AUTORELEASING = YES;
				CLANG_WARN_BOOL_CONVERSION = YES;
				CLANG_WARN_COMMA = YES;
				CLANG_WARN_CONSTANT_CONVERSION = YES;
				CLANG_WARN_DEPRECATED_OBJC_IMPLEMENTATIONS = YES;
				CLANG_WARN_DOCUMENTATION_COMMENTS = YES;
				CLANG_WARN_EMPTY_BODY = YES;
				CLANG_WARN_ENUM_CONVERSION = YES;
				CLANG_WARN_INFINITE_RECURSION = YES;
				CLANG_WARN_INT_CONVERSION = YES;
				CLANG_WARN_NON_LITERAL_NULL_CONVERSION = YES;
				CLANG_WARN_OBJC_IMPLICIT_RETAIN_SELF = YES;
				CLANG_WARN_OBJC_LITERAL_CONVERSION = YES;
				CLANG_WARN_QUOTED_INCLUDE_IN_FRAMEWORK_HEADER = YES;
				CLANG_WARN_RANGE_LOOP_ANALYSIS = YES;
				CLANG_WARN_STRICT_PROTOTYPES = YES;
				CLANG_WARN_SUSPICIOUS_MOVE = YES;
				CLANG_WARN_UNGUARDED_AVAILABILITY = YES_AGGRESSIVE;
				CLANG_WARN_UNREACHABLE_CODE = YES;
				CLANG_WARN__DUPLICATE_METHOD_MATCH = YES;
				COPY_PHASE_STRIP = NO;
				DEAD_CODE_STRIPPING = YES;
				DEBUG_INFORMATION_FORMAT = dwarf;
				ENABLE_STRICT_OBJC_MSGSEND = YES;
				ENABLE_TESTABILITY = YES;
				ENABLE_USER_SCRIPT_SANDBOXING = YES;
				GCC_C_LANGUAGE_STANDARD = gnu17;
				GCC_NO_COMMON_BLOCKS = YES;
				GCC_OPTIMIZATION_LEVEL = 0;
				GCC_WARN_64_TO_32_BIT_CONVERSION = YES;
				GCC_WARN_ABOUT_RETURN_TYPE = YES;
				GCC_WARN_UNDECLARED_SELECTOR = YES;
				GCC_WARN_UNINITIALIZED_AUTOS = YES;
				GCC_WARN_UNUSED_FUNCTION = YES;
				GCC_WARN_UNUSED_VARIABLE = YES;
				MACOSX_DEPLOYMENT_TARGET = 14.0;
				ONLY_ACTIVE_ARCH = YES;
				SDKROOT = macosx;
				STRING_CATALOG_GENERATE_SYMBOLS = YES;
				SWIFT_ACTIVE_COMPILATION_CONDITIONS = DEBUG;
				SWIFT_OPTIMIZATION_LEVEL = "-Onone";
			};
			name = Debug;
		};
		AA0000000000000000000071 /* Release */ = {
			isa = XCBuildConfiguration;
			buildSettings = {
				ALWAYS_SEARCH_USER_PATHS = NO;
				ASSETCATALOG_COMPILER_GENERATE_SWIFT_ASSET_SYMBOL_EXTENSIONS = YES;
				CLANG_ENABLE_MODULES = YES;
				CLANG_ENABLE_OBJC_ARC = YES;
				CLANG_WARN_BLOCK_CAPTURE_AUTORELEASING = YES;
				CLANG_WARN_BOOL_CONVERSION = YES;
				CLANG_WARN_COMMA = YES;
				CLANG_WARN_CONSTANT_CONVERSION = YES;
				CLANG_WARN_DEPRECATED_OBJC_IMPLEMENTATIONS = YES;
				CLANG_WARN_DOCUMENTATION_COMMENTS = YES;
				CLANG_WARN_EMPTY_BODY = YES;
				CLANG_WARN_ENUM_CONVERSION = YES;
				CLANG_WARN_INFINITE_RECURSION = YES;
				CLANG_WARN_INT_CONVERSION = YES;
				CLANG_WARN_NON_LITERAL_NULL_CONVERSION = YES;
				CLANG_WARN_OBJC_IMPLICIT_RETAIN_SELF = YES;
				CLANG_WARN_OBJC_LITERAL_CONVERSION = YES;
				CLANG_WARN_QUOTED_INCLUDE_IN_FRAMEWORK_HEADER = YES;
				CLANG_WARN_RANGE_LOOP_ANALYSIS = YES;
				CLANG_WARN_STRICT_PROTOTYPES = YES;
				CLANG_WARN_SUSPICIOUS_MOVE = YES;
				CLANG_WARN_UNGUARDED_AVAILABILITY = YES_AGGRESSIVE;
				CLANG_WARN_UNREACHABLE_CODE = YES;
				CLANG_WARN__DUPLICATE_METHOD_MATCH = YES;
				COPY_PHASE_STRIP = NO;
				DEAD_CODE_STRIPPING = YES;
				DEBUG_INFORMATION_FORMAT = "dwarf-with-dsym";
				ENABLE_NS_ASSERTIONS = NO;
				ENABLE_STRICT_OBJC_MSGSEND = YES;
				ENABLE_USER_SCRIPT_SANDBOXING = YES;
				GCC_C_LANGUAGE_STANDARD = gnu17;
				GCC_NO_COMMON_BLOCKS = YES;
				GCC_WARN_64_TO_32_BIT_CONVERSION = YES;
				GCC_WARN_ABOUT_RETURN_TYPE = YES;
				GCC_WARN_UNDECLARED_SELECTOR = YES;
				GCC_WARN_UNINITIALIZED_AUTOS = YES;
				GCC_WARN_UNUSED_FUNCTION = YES;
				GCC_WARN_UNUSED_VARIABLE = YES;
				MACOSX_DEPLOYMENT_TARGET = 14.0;
				SDKROOT = macosx;
				STRING_CATALOG_GENERATE_SYMBOLS = YES;
				SWIFT_COMPILATION_MODE = wholemodule;
				SWIFT_OPTIMIZATION_LEVEL = "-O";
			};
			name = Release;
		};
		AA0000000000000000000072 /* Debug */ = {
			isa = XCBuildConfiguration;
			buildSettings = {
				CODE_SIGNING_ALLOWED = NO;
				CODE_SIGNING_REQUIRED = NO;
				CODE_SIGN_STYLE = Automatic;
				CURRENT_PROJECT_VERSION = 1;
				DEAD_CODE_STRIPPING = YES;
				ENABLE_HARDENED_RUNTIME = YES;
				ENABLE_TESTABILITY = YES;
				GENERATE_INFOPLIST_FILE = NO;
				INFOPLIST_FILE = CaffBar/Info.plist;
				LD_RUNPATH_SEARCH_PATHS = (
					"$(inherited)",
					"@executable_path/../Frameworks",
				);
				MACOSX_DEPLOYMENT_TARGET = 14.0;
				MARKETING_VERSION = 0.1.0;
				PRODUCT_BUNDLE_IDENTIFIER = co.akalp.caffbar;
				PRODUCT_NAME = "$(TARGET_NAME)";
				SDKROOT = macosx;
				SUPPORTED_PLATFORMS = macosx;
				SWIFT_EMIT_LOC_STRINGS = YES;
				SWIFT_STRICT_CONCURRENCY = targeted;
				SWIFT_VERSION = 5.0;
			};
			name = Debug;
		};
		AA0000000000000000000073 /* Release */ = {
			isa = XCBuildConfiguration;
			buildSettings = {
				CODE_SIGNING_ALLOWED = NO;
				CODE_SIGNING_REQUIRED = NO;
				CODE_SIGN_STYLE = Automatic;
				CURRENT_PROJECT_VERSION = 1;
				DEAD_CODE_STRIPPING = YES;
				ENABLE_HARDENED_RUNTIME = YES;
				GENERATE_INFOPLIST_FILE = NO;
				INFOPLIST_FILE = CaffBar/Info.plist;
				LD_RUNPATH_SEARCH_PATHS = (
					"$(inherited)",
					"@executable_path/../Frameworks",
				);
				MACOSX_DEPLOYMENT_TARGET = 14.0;
				MARKETING_VERSION = 0.1.0;
				PRODUCT_BUNDLE_IDENTIFIER = co.akalp.caffbar;
				PRODUCT_NAME = "$(TARGET_NAME)";
				SDKROOT = macosx;
				SUPPORTED_PLATFORMS = macosx;
				SWIFT_EMIT_LOC_STRINGS = YES;
				SWIFT_STRICT_CONCURRENCY = targeted;
				SWIFT_VERSION = 5.0;
			};
			name = Release;
		};
		AA0000000000000000000074 /* Debug */ = {
			isa = XCBuildConfiguration;
			buildSettings = {
				BUNDLE_LOADER = "$(TEST_HOST)";
				CODE_SIGNING_ALLOWED = NO;
				CODE_SIGNING_REQUIRED = NO;
				CODE_SIGN_STYLE = Automatic;
				CURRENT_PROJECT_VERSION = 1;
				DEAD_CODE_STRIPPING = YES;
				GENERATE_INFOPLIST_FILE = YES;
				LD_RUNPATH_SEARCH_PATHS = (
					"$(inherited)",
					"@executable_path/../Frameworks",
					"@loader_path/../Frameworks",
				);
				MACOSX_DEPLOYMENT_TARGET = 14.0;
				PRODUCT_BUNDLE_IDENTIFIER = co.akalp.caffbar.tests;
				PRODUCT_NAME = "$(TARGET_NAME)";
				SDKROOT = macosx;
				SWIFT_ACTIVE_COMPILATION_CONDITIONS = DEBUG;
				SWIFT_STRICT_CONCURRENCY = targeted;
				SWIFT_VERSION = 5.0;
				TEST_HOST = "$(BUILT_PRODUCTS_DIR)/CaffBar.app/Contents/MacOS/CaffBar";
				TEST_TARGET_NAME = CaffBar;
			};
			name = Debug;
		};
		AA0000000000000000000075 /* Release */ = {
			isa = XCBuildConfiguration;
			buildSettings = {
				BUNDLE_LOADER = "$(TEST_HOST)";
				CODE_SIGNING_ALLOWED = NO;
				CODE_SIGNING_REQUIRED = NO;
				CODE_SIGN_STYLE = Automatic;
				CURRENT_PROJECT_VERSION = 1;
				DEAD_CODE_STRIPPING = YES;
				GENERATE_INFOPLIST_FILE = YES;
				LD_RUNPATH_SEARCH_PATHS = (
					"$(inherited)",
					"@executable_path/../Frameworks",
					"@loader_path/../Frameworks",
				);
				MACOSX_DEPLOYMENT_TARGET = 14.0;
				PRODUCT_BUNDLE_IDENTIFIER = co.akalp.caffbar.tests;
				PRODUCT_NAME = "$(TARGET_NAME)";
				SDKROOT = macosx;
				SWIFT_STRICT_CONCURRENCY = targeted;
				SWIFT_VERSION = 5.0;
				TEST_HOST = "$(BUILT_PRODUCTS_DIR)/CaffBar.app/Contents/MacOS/CaffBar";
				TEST_TARGET_NAME = CaffBar;
			};
			name = Release;
		};
/* End XCBuildConfiguration section */

/* Begin XCConfigurationList section */
		AA0000000000000000000060 /* Build configuration list for PBXProject "CaffBar" */ = {
			isa = XCConfigurationList;
			buildConfigurations = (
				AA0000000000000000000070 /* Debug */,
				AA0000000000000000000071 /* Release */,
			);
			defaultConfigurationIsVisible = 0;
			defaultConfigurationName = Release;
		};
		AA0000000000000000000061 /* Build configuration list for PBXNativeTarget "CaffBar" */ = {
			isa = XCConfigurationList;
			buildConfigurations = (
				AA0000000000000000000072 /* Debug */,
				AA0000000000000000000073 /* Release */,
			);
			defaultConfigurationIsVisible = 0;
			defaultConfigurationName = Release;
		};
		AA0000000000000000000062 /* Build configuration list for PBXNativeTarget "CaffBarTests" */ = {
			isa = XCConfigurationList;
			buildConfigurations = (
				AA0000000000000000000074 /* Debug */,
				AA0000000000000000000075 /* Release */,
			);
			defaultConfigurationIsVisible = 0;
			defaultConfigurationName = Release;
		};
/* End XCConfigurationList section */
	};
	rootObject = AA0000000000000000000001 /* Project object */;
}
